Microsoft Visual Studio Solution File, Format Version 12.00
# Visual Studio or cross-platform
Project("{FAE04EC0-301F-11D3-BF4B-00C04F79EFBC}") = "MedicalRecords.core", "MedicalRecords.core\MedicalRecords.core.csproj", "{A5A7B2C9-8E0B-4E6F-8E66-AAA111222333}"
EndProject
Project("{FAE04EC0-301F-11D3-BF4B-00C04F79EFBC}") = "MedicalRecords.Tests", "MedicalRecords.Tests\MedicalRecords.Tests.csproj", "{B6B7C8D9-0001-4F6E-9ABC-BBB111222333}"
EndProject
Global
  GlobalSection(SolutionConfigurationPlatforms) = preSolution
    Debug|Any CPU = Debug|Any CPU
    Release|Any CPU = Release|Any CPU
  EndGlobalSection
  GlobalSection(ProjectConfigurationPlatforms) = postSolution
    {A5A7B2C9-8E0B-4E6F-8E66-AAA111222333}.Debug|Any CPU.ActiveCfg = Debug|Any CPU
    {A5A7B2C9-8E0B-4E6F-8E66-AAA111222333}.Debug|Any CPU.Build.0 = Debug|Any CPU
    {A5A7B2C9-8E0B-4E6F-8E66-AAA111222333}.Release|Any CPU.ActiveCfg = Release|Any CPU
    {A5A7B2C9-8E0B-4E6F-8E66-AAA111222333}.Release|Any CPU.Build.0 = Debug|Any CPU
    {B6B7C8D9-0001-4F6E-9ABC-BBB111222333}.Debug|Any CPU.ActiveCfg = Debug|Any CPU
    {B6B7C8D9-0001-4F6E-9ABC-BBB111222333}.Debug|Any CPU.Build.0 = Debug|Any CPU
    {B6B7C8D9-0001-4F6E-9ABC-BBB111222333}.Release|Any CPU.ActiveCfg = Release|Any CPU
    {B6B7C8D9-0001-4F6E-9ABC-BBB111222333}.Release|Any CPU.Build.0 = Debug|Any CPU
  EndGlobalSection
EndGlobal 